
Microsoft Visual Studio Solution File, Format Version 12.00
# Visual Studio Version 16
VisualStudioVersion = 16.0.30804.86
MinimumVisualStudioVersion = 10.0.40219.1
Project("{888888A0-9F3D-457C-B088-3A5042F75D52}") = "Percolation", "Percolation\Percolation.pyproj", "{6F5AEA31-78F1-4577-8770-52C672FBC689}"
EndProject
Global
	GlobalSection(SolutionConfigurationPlatforms) = preSolution
		Debug|Any CPU = Debug|Any CPU
		Release|Any CPU = Release|Any CPU
	EndGlobalSection
	GlobalSection(ProjectConfigurationPlatforms) = postSolution
		{6F5AEA31-78F1-4577-8770-52C672FBC689}.Debug|Any CPU.ActiveCfg = Debug|Any CPU
		{6F5AEA31-78F1-4577-8770-52C672FBC689}.Release|Any CPU.ActiveCfg = Release|Any CPU
	EndGlobalSection
	GlobalSection(SolutionProperties) = preSolution
		HideSolutionNode = FALSE
	EndGlobalSection
	GlobalSection(ExtensibilityGlobals) = postSolution
		SolutionGuid = {855A2B94-0408-45CB-98BB-1AE1959C07A8}
	EndGlobalSection
EndGlobal
